
Microsoft Visual Studio Solution File, Format Version 12.00
Project("{FAE04EC0-301F-11D3-BF4B-00C04F79EFBC}") = "Web_153505_Shevtsova_D", "Web_153505_Shevtsova_D\Web_153505_Shevtsova_D.csproj", "{9FF91AF0-CDC8-493E-BBCE-2F2AC54F70C8}"
EndProject
Project("{FAE04EC0-301F-11D3-BF4B-00C04F79EFBC}") = "Web_153505_Shevtsova_D.API", "Web_153505_Shevtsova_D.API\Web_153505_Shevtsova_D.API.csproj", "{64CA54B8-5009-4539-8FA2-021B90377EC2}"
EndProject
Project("{FAE04EC0-301F-11D3-BF4B-00C04F79EFBC}") = "Web_153505_Shevtsova_D.Domain", "Web_153505_Shevtsova_D.Domain\Web_153505_Shevtsova_D.Domain.csproj", "{C7EF6D5E-F42E-4AE5-AF2E-AEF610D2A197}"
EndProject
Global
	GlobalSection(SolutionConfigurationPlatforms) = preSolution
		Debug|Any CPU = Debug|Any CPU
		Release|Any CPU = Release|Any CPU
	EndGlobalSection
	GlobalSection(ProjectConfigurationPlatforms) = postSolution
		{9FF91AF0-CDC8-493E-BBCE-2F2AC54F70C8}.Debug|Any CPU.ActiveCfg = Debug|Any CPU
		{9FF91AF0-CDC8-493E-BBCE-2F2AC54F70C8}.Debug|Any CPU.Build.0 = Debug|Any CPU
		{9FF91AF0-CDC8-493E-BBCE-2F2AC54F70C8}.Release|Any CPU.ActiveCfg = Release|Any CPU
		{9FF91AF0-CDC8-493E-BBCE-2F2AC54F70C8}.Release|Any CPU.Build.0 = Release|Any CPU
		{64CA54B8-5009-4539-8FA2-021B90377EC2}.Debug|Any CPU.ActiveCfg = Debug|Any CPU
		{64CA54B8-5009-4539-8FA2-021B90377EC2}.Debug|Any CPU.Build.0 = Debug|Any CPU
		{64CA54B8-5009-4539-8FA2-021B90377EC2}.Release|Any CPU.ActiveCfg = Release|Any CPU
		{64CA54B8-5009-4539-8FA2-021B90377EC2}.Release|Any CPU.Build.0 = Release|Any CPU
		{C7EF6D5E-F42E-4AE5-AF2E-AEF610D2A197}.Debug|Any CPU.ActiveCfg = Debug|Any CPU
		{C7EF6D5E-F42E-4AE5-AF2E-AEF610D2A197}.Debug|Any CPU.Build.0 = Debug|Any CPU
		{C7EF6D5E-F42E-4AE5-AF2E-AEF610D2A197}.Release|Any CPU.ActiveCfg = Release|Any CPU
		{C7EF6D5E-F42E-4AE5-AF2E-AEF610D2A197}.Release|Any CPU.Build.0 = Release|Any CPU
	EndGlobalSection
EndGlobal
